
Microsoft Visual Studio Solution File, Format Version 12.00
# Visual Studio 15
VisualStudioVersion = 15.0.27428.2027
MinimumVisualStudioVersion = 10.0.40219.1
Project("{D2ABAB84-BF74-430A-B69E-9DC6D40DDA17}") = "cube", "cube\cube.dwproj", "{1B732D49-B01C-4984-825E-50AB31A91187}"
EndProject
Global
	GlobalSection(SolutionConfigurationPlatforms) = preSolution
		Development|Default = Development|Default
	EndGlobalSection
	GlobalSection(ProjectConfigurationPlatforms) = postSolution
		{1B732D49-B01C-4984-825E-50AB31A91187}.Development|Default.ActiveCfg = Development
		{1B732D49-B01C-4984-825E-50AB31A91187}.Development|Default.Build.0 = Development
		{1B732D49-B01C-4984-825E-50AB31A91187}.Development|Default.Deploy.0 = Development
	EndGlobalSection
	GlobalSection(SolutionProperties) = preSolution
		HideSolutionNode = FALSE
	EndGlobalSection
	GlobalSection(ExtensibilityGlobals) = postSolution
		SolutionGuid = {7B6A9359-2480-40E8-8B8B-F7E0EC1B3E28}
	EndGlobalSection
EndGlobal
